
Microsoft Visual Studio Solution File, Format Version 12.00
# Visual Studio 14
VisualStudioVersion = 14.0.24720.0
MinimumVisualStudioVersion = 10.0.40219.1
Project("{FAE04EC0-301F-11D3-BF4B-00C04F79EFBC}") = "LifeSharp", "LifeSharp.csproj", "{851C8700-91C5-4BDF-A903-50E22C0BA062}"
EndProject
Project("{2150E333-8FDC-42A3-9474-1A3956D46DE8}") = "Solution Items", "Solution Items", "{F03B56C3-A406-4418-AE2A-DD43400ABDA3}"
	ProjectSection(SolutionItems) = preProject
		README.md = README.md
	EndProjectSection
EndProject
Project("{FAE04EC0-301F-11D3-BF4B-00C04F79EFBC}") = "LifeSharp.Tests", "LifeSharp.Tests\LifeSharp.Tests.csproj", "{183E1FD5-5D94-4103-8987-2A7B7EC9AF6F}"
EndProject
Global
	GlobalSection(SolutionConfigurationPlatforms) = preSolution
		Debug|Any CPU = Debug|Any CPU
		Release|Any CPU = Release|Any CPU
	EndGlobalSection
	GlobalSection(ProjectConfigurationPlatforms) = postSolution
		{851C8700-91C5-4BDF-A903-50E22C0BA062}.Debug|Any CPU.ActiveCfg = Debug|Any CPU
		{851C8700-91C5-4BDF-A903-50E22C0BA062}.Debug|Any CPU.Build.0 = Debug|Any CPU
		{851C8700-91C5-4BDF-A903-50E22C0BA062}.Release|Any CPU.ActiveCfg = Release|Any CPU
		{851C8700-91C5-4BDF-A903-50E22C0BA062}.Release|Any CPU.Build.0 = Release|Any CPU
		{183E1FD5-5D94-4103-8987-2A7B7EC9AF6F}.Debug|Any CPU.ActiveCfg = Debug|Any CPU
		{183E1FD5-5D94-4103-8987-2A7B7EC9AF6F}.Debug|Any CPU.Build.0 = Debug|Any CPU
		{183E1FD5-5D94-4103-8987-2A7B7EC9AF6F}.Release|Any CPU.ActiveCfg = Release|Any CPU
		{183E1FD5-5D94-4103-8987-2A7B7EC9AF6F}.Release|Any CPU.Build.0 = Release|Any CPU
	EndGlobalSection
	GlobalSection(SolutionProperties) = preSolution
		HideSolutionNode = FALSE
	EndGlobalSection
EndGlobal
